{
  "name": "customnpm",
  "version": "1.0.0",
  "lockfileVersion": 1,
  "requires": true,
  "dependencies": {
    "angular2-multiselect-dropdown": {
      "version": "git+https://github.com/silkyfray/angular2-multiselect-dropdown.git#6fcf58882d08ed67088ec3302740d25d8d479dbe",
      "dev": true,
      "requires": {
        "font-awesome": "4.7.0"
      }
    },
    "font-awesome": {
      "version": "4.7.0",
      "resolved": "https://registry.npmjs.org/font-awesome/-/font-awesome-4.7.0.tgz",
      "integrity": "sha1-j6jPBBGhoxr9B7BtKQK7n8gVoTM=",
      "dev": true
    }
  }
}
